
Microsoft Visual Studio Solution File, Format Version 12.00
# Visual Studio 15
VisualStudioVersion = 15.0.27428.2005
MinimumVisualStudioVersion = 10.0.40219.1
Project("{FAE04EC0-301F-11D3-BF4B-00C04F79EFBC}") = "MultiSlider", "MultiSlider\MultiSlider.csproj", "{AAD4A78D-0319-4143-9E6F-AB216CF6C607}"
EndProject
Global
	GlobalSection(SolutionConfigurationPlatforms) = preSolution
		Debug|Any CPU = Debug|Any CPU
		Release|Any CPU = Release|Any CPU
	EndGlobalSection
	GlobalSection(ProjectConfigurationPlatforms) = postSolution
		{AAD4A78D-0319-4143-9E6F-AB216CF6C607}.Debug|Any CPU.ActiveCfg = Debug|Any CPU
		{AAD4A78D-0319-4143-9E6F-AB216CF6C607}.Debug|Any CPU.Build.0 = Debug|Any CPU
		{AAD4A78D-0319-4143-9E6F-AB216CF6C607}.Release|Any CPU.ActiveCfg = Release|Any CPU
		{AAD4A78D-0319-4143-9E6F-AB216CF6C607}.Release|Any CPU.Build.0 = Release|Any CPU
	EndGlobalSection
	GlobalSection(SolutionProperties) = preSolution
		HideSolutionNode = FALSE
	EndGlobalSection
	GlobalSection(ExtensibilityGlobals) = postSolution
		SolutionGuid = {A762F812-3E8C-4BE7-8C41-A0E7E7E1CC12}
	EndGlobalSection
EndGlobal
